// !$*UTF8*$!
{
	archiveVersion = 1;
	classes = {
	};
	objectVersion = 46;
	objects = {

/* Begin PBXBuildFile section */
		C50ACD841E52E1AD00891B47 /* AppDelegate.swift in Sources */ = {isa = PBXBuildFile; fileRef = C50ACD831E52E1AD00891B47 /* AppDelegate.swift */; };
		C50ACD861E52E1AD00891B47 /* ViewController.swift in Sources */ = {isa = PBXBuildFile; fileRef = C50ACD851E52E1AD00891B47 /* ViewController.swift */; };
		C50ACD891E52E1AD00891B47 /* Main.storyboard in Resources */ = {isa = PBXBuildFile; fileRef = C50ACD871E52E1AD00891B47 /* Main.storyboard */; };
		C50ACD8B1E52E1AD00891B47 /* Assets.xcassets in Resources */ = {isa = PBXBuildFile; fileRef = C50ACD8A1E52E1AD00891B47 /* Assets.xcassets */; };
		C50ACD8E1E52E1AD00891B47 /* LaunchScreen.storyboard in Resources */ = {isa = PBXBuildFile; fileRef = C50ACD8C1E52E1AD00891B47 /* LaunchScreen.storyboard */; };
/* End PBXBuildFile section */

/* Begin PBXFileReference section */
		C50ACD801E52E1AD00891B47 /* MyTipCalculator.app */ = {isa = PBXFileReference; explicitFileType = wrapper.application; includeInIndex = 0; path = MyTipCalculator.app; sourceTree = BUILT_PRODUCTS_DIR; };
		C50ACD831E52E1AD00891B47 /* AppDelegate.swift */ = {isa = PBXFileReference; lastKnownFileType = sourcecode.swift; path = AppDelegate.swift; sourceTree = "<group>"; };
		C50ACD851E52E1AD00891B47 /* ViewController.swift */ = {isa = PBXFileReference; lastKnownFileType = sourcecode.swift; path = ViewController.swift; sourceTree = "<group>"; };
		C50ACD881E52E1AD00891B47 /* Base */ = {isa = PBXFileReference; lastKnownFileType = file.storyboard; name = Base; path = Base.lproj/Main.storyboard; sourceTree = "<group>"; };
		C50ACD8A1E52E1AD00891B47 /* Assets.xcassets */ = {isa = PBXFileReference; lastKnownFileType = folder.assetcatalog; path = Assets.xcassets; sourceTree = "<group>"; };
		C50ACD8D1E52E1AD00891B47 /* Base */ = {isa = PBXFileReference; lastKnownFileType = file.storyboard; name = Base; path = Base.lproj/LaunchScreen.storyboard; sourceTree = "<group>"; };
		C50ACD8F1E52E1AD00891B47 /* Info.plist */ = {isa = PBXFileReference; lastKnownFileType = text.plist.xml; path = Info.plist; sourceTree = "<group>"; };
/* End PBXFileReference section */

/* Begin PBXFrameworksBuildPhase section */
		C50ACD7D1E52E1AD00891B47 /* Frameworks */ = {
			isa = PBXFrameworksBuildPhase;
			buildActionMask = 2147483647;
			files = (
			);
			runOnlyForDeploymentPostprocessing = 0;
		};
/* End PBXFrameworksBuildPhase section */

/* Begin PBXGroup section */
		C50ACD771E52E1AD00891B47 = {
			isa = PBXGroup;
			children = (
				C50ACD821E52E1AD00891B47 /* MyTipCalculator */,
				C50ACD811E52E1AD00891B47 /* Products */,
			);
			sourceTree = "<group>";
		};
		C50ACD811E52E1AD00891B47 /* Products */ = {
			isa = PBXGroup;
			children = (
				C50ACD801E52E1AD00891B47 /* MyTipCalculator.app */,
			);
			name = Products;
			sourceTree = "<group>";
		};
		C50ACD821E52E1AD00891B47 /* MyTipCalculator */ = {
			isa = PBXGroup;
			children = (
				C50ACD831E52E1AD00891B47 /* AppDelegate.swift */,
				C50ACD851E52E1AD00891B47 /* ViewController.swift */,
				C50ACD871E52E1AD00891B47 /* Main.storyboard */,
				C50ACD8A1E52E1AD00891B47 /* Assets.xcassets */,
				C50ACD8C1E52E1AD00891B47 /* LaunchScreen.storyboard */,
				C50ACD8F1E52E1AD00891B47 /* Info.plist */,
			);
			path = MyTipCalculator;
			sourceTree = "<group>";
		};
/* End PBXGroup section */

/* Begin PBXNativeTarget section */
		C50ACD7F1E52E1AD00891B47 /* MyTipCalculator */ = {
			isa = PBXNativeTarget;
			buildConfigurationList = C50ACD921E52E1AD00891B47 /* Build configuration list for PBXNativeTarget "MyTipCalculator" */;
			buildPhases = (
				C50ACD7C1E52E1AD00891B47 /* Sources */,
				C50ACD7D1E52E1AD00891B47 /* Frameworks */,
				C50ACD7E1E52E1AD00891B47 /* Resources */,
			);
			buildRules = (
			);
			dependencies = (
			);
			name = MyTipCalculator;
			productName = MyTipCalculator;
			productReference = C50ACD801E52E1AD00891B47 /* MyTipCalculator.app */;
			productType = "com.apple.product-type.application";
		};
/* End PBXNativeTarget section */

/* Begin PBXProject section */
		C50ACD781E52E1AD00891B47 /* Project object */ = {
			isa = PBXProject;
			attributes = {
				LastSwiftUpdateCheck = 0820;
				LastUpgradeCheck = 0820;
				ORGANIZATIONNAME = "James Man";
				TargetAttributes = {
					C50ACD7F1E52E1AD00891B47 = {
						CreatedOnToolsVersion = 8.2.1;
						ProvisioningStyle = Automatic;
					};
				};
			};
			buildConfigurationList = C50ACD7B1E52E1AD00891B47 /* Build configuration list for PBXProject "MyTipCalculator" */;
			compatibilityVersion = "Xcode 3.2";
			developmentRegion = English;
			hasScannedForEncodings = 0;
			knownRegions = (
				en,
				Base,
			);
			mainGroup = C50ACD771E52E1AD00891B47;
			productRefGroup = C50ACD811E52E1AD00891B47 /* Products */;
			projectDirPath = "";
			projectRoot = "";
			targets = (
				C50ACD7F1E52E1AD00891B47 /* MyTipCalculator */,
			);
		};
/* End PBXProject section */

/* Begin PBXResourcesBuildPhase section */
		C50ACD7E1E52E1AD00891B47 /* Resources */ = {
			isa = PBXResourcesBuildPhase;
			buildActionMask = 2147483647;
			files = (
				C50ACD8E1E52E1AD00891B47 /* LaunchScreen.storyboard in Resources */,
				C50ACD8B1E52E1AD00891B47 /* Assets.xcassets in Resources */,
				C50ACD891E52E1AD00891B47 /* Main.storyboard in Resources */,
			);
			runOnlyForDeploymentPostprocessing = 0;
		};
/* End PBXResourcesBuildPhase section */

/* Begin PBXSourcesBuildPhase section */
		C50ACD7C1E52E1AD00891B47 /* Sources */ = {
			isa = PBXSourcesBuildPhase;
			buildActionMask = 2147483647;
			files = (
				C50ACD861E52E1AD00891B47 /* ViewController.swift in Sources */,
				C50ACD841E52E1AD00891B47 /* AppDelegate.swift in Sources */,
			);
			runOnlyForDeploymentPostprocessing = 0;
		};
/* End PBXSourcesBuildPhase section */

/* Begin PBXVariantGroup section */
		C50ACD871E52E1AD00891B47 /* Main.storyboard */ = {
			isa = PBXVariantGroup;
			children = (
				C50ACD881E52E1AD00891B47 /* Base */,
			);
			name = Main.storyboard;
			sourceTree = "<group>";
		};
		C50ACD8C1E52E1AD00891B47 /* LaunchScreen.storyboard */ = {
			isa = PBXVariantGroup;
			children = (
				C50ACD8D1E52E1AD00891B47 /* Base */,
			);
			name = LaunchScreen.storyboard;
			sourceTree = "<group>";
		};
/* End PBXVariantGroup section */

/* Begin XCBuildConfiguration section */
		C50ACD901E52E1AD00891B47 /* Debug */ = {
			isa = XCBuildConfiguration;
			buildSettings = {
				ALWAYS_SEARCH_USER_PATHS = NO;
				CLANG_ANALYZER_NONNULL = YES;
				CLANG_CXX_LANGUAGE_STANDARD = "gnu++0x";
				CLANG_CXX_LIBRARY = "libc++";
				CLANG_ENABLE_MODULES = YES;
				CLANG_ENABLE_OBJC_ARC = YES;
				CLANG_WARN_BOOL_CONVERSION = YES;
				CLANG_WARN_CONSTANT_CONVERSION = YES;
				CLANG_WARN_DIRECT_OBJC_ISA_USAGE = YES_ERROR;
				CLANG_WARN_DOCUMENTATION_COMMENTS = YES;
				CLANG_WARN_EMPTY_BODY = YES;
				CLANG_WARN_ENUM_CONVERSION = YES;
				CLANG_WARN_INFINITE_RECURSION = YES;
				CLANG_WARN_INT_CONVERSION = YES;
				CLANG_WARN_OBJC_ROOT_CLASS = YES_ERROR;
				CLANG_WARN_SUSPICIOUS_MOVE = YES;
				CLANG_WARN_UNREACHABLE_CODE = YES;
				CLANG_WARN__DUPLICATE_METHOD_MATCH = YES;
				"CODE_SIGN_IDENTITY[sdk=iphoneos*]" = "iPhone Developer";
				COPY_PHASE_STRIP = NO;
				DEBUG_INFORMATION_FORMAT = dwarf;
				ENABLE_STRICT_OBJC_MSGSEND = YES;
				ENABLE_TESTABILITY = YES;
				GCC_C_LANGUAGE_STANDARD = gnu99;
				GCC_DYNAMIC_NO_PIC = NO;
				GCC_NO_COMMON_BLOCKS = YES;
				GCC_OPTIMIZATION_LEVEL = 0;
				GCC_PREPROCESSOR_DEFINITIONS = (
					"DEBUG=1",
					"$(inherited)",
				);
				GCC_WARN_64_TO_32_BIT_CONVERSION = YES;
				GCC_WARN_ABOUT_RETURN_TYPE = YES_ERROR;
				GCC_WARN_UNDECLARED_SELECTOR = YES;
				GCC_WARN_UNINITIALIZED_AUTOS = YES_AGGRESSIVE;
				GCC_WARN_UNUSED_FUNCTION = YES;
				GCC_WARN_UNUSED_VARIABLE = YES;
				IPHONEOS_DEPLOYMENT_TARGET = 10.2;
				MTL_ENABLE_DEBUG_INFO = YES;
				ONLY_ACTIVE_ARCH = YES;
				SDKROOT = iphoneos;
				SWIFT_ACTIVE_COMPILATION_CONDITIONS = DEBUG;
				SWIFT_OPTIMIZATION_LEVEL = "-Onone";
				TARGETED_DEVICE_FAMILY = "1,2";
			};
			name = Debug;
		};
		C50ACD911E52E1AD00891B47 /* Release */ = {
			isa = XCBuildConfiguration;
			buildSettings = {
				ALWAYS_SEARCH_USER_PATHS = NO;
				CLANG_ANALYZER_NONNULL = YES;
				CLANG_CXX_LANGUAGE_STANDARD = "gnu++0x";
				CLANG_CXX_LIBRARY = "libc++";
				CLANG_ENABLE_MODULES = YES;
				CLANG_ENABLE_OBJC_ARC = YES;
				CLANG_WARN_BOOL_CONVERSION = YES;
				CLANG_WARN_CONSTANT_CONVERSION = YES;
				CLANG_WARN_DIRECT_OBJC_ISA_USAGE = YES_ERROR;
				CLANG_WARN_DOCUMENTATION_COMMENTS = YES;
				CLANG_WARN_EMPTY_BODY = YES;
				CLANG_WARN_ENUM_CONVERSION = YES;
				CLANG_WARN_INFINITE_RECURSION = YES;
				CLANG_WARN_INT_CONVERSION = YES;
				CLANG_WARN_OBJC_ROOT_CLASS = YES_ERROR;
				CLANG_WARN_SUSPICIOUS_MOVE = YES;
				CLANG_WARN_UNREACHABLE_CODE = YES;
				CLANG_WARN__DUPLICATE_METHOD_MATCH = YES;
				"CODE_SIGN_IDENTITY[sdk=iphoneos*]" = "iPhone Developer";
				COPY_PHASE_STRIP = NO;
				DEBUG_INFORMATION_FORMAT = "dwarf-with-dsym";
				ENABLE_NS_ASSERTIONS = NO;
				ENABLE_STRICT_OBJC_MSGSEND = YES;
				GCC_C_LANGUAGE_STANDARD = gnu99;
				GCC_NO_COMMON_BLOCKS = YES;
				GCC_WARN_64_TO_32_BIT_CONVERSION = YES;
				GCC_WARN_ABOUT_RETURN_TYPE = YES_ERROR;
				GCC_WARN_UNDECLARED_SELECTOR = YES;
				GCC_WARN_UNINITIALIZED_AUTOS = YES_AGGRESSIVE;
				GCC_WARN_UNUSED_FUNCTION = YES;
				GCC_WARN_UNUSED_VARIABLE = YES;
				IPHONEOS_DEPLOYMENT_TARGET = 10.2;
				MTL_ENABLE_DEBUG_INFO = NO;
				SDKROOT = iphoneos;
				SWIFT_OPTIMIZATION_LEVEL = "-Owholemodule";
				TARGETED_DEVICE_FAMILY = "1,2";
				VALIDATE_PRODUCT = YES;
			};
			name = Release;
		};
		C50ACD931E52E1AD00891B47 /* Debug */ = {
			isa = XCBuildConfiguration;
			buildSettings = {
				ASSETCATALOG_COMPILER_APPICON_NAME = AppIcon;
				INFOPLIST_FILE = MyTipCalculator/Info.plist;
				LD_RUNPATH_SEARCH_PATHS = "$(inherited) @executable_path/Frameworks";
				PRODUCT_BUNDLE_IDENTIFIER = com.jamesman.MyTipCalculator;
				PRODUCT_NAME = "$(TARGET_NAME)";
				SWIFT_VERSION = 3.0;
			};
			name = Debug;
		};
		C50ACD941E52E1AD00891B47 /* Release */ = {
			isa = XCBuildConfiguration;
			buildSettings = {
				ASSETCATALOG_COMPILER_APPICON_NAME = AppIcon;
				INFOPLIST_FILE = MyTipCalculator/Info.plist;
				LD_RUNPATH_SEARCH_PATHS = "$(inherited) @executable_path/Frameworks";
				PRODUCT_BUNDLE_IDENTIFIER = com.jamesman.MyTipCalculator;
				PRODUCT_NAME = "$(TARGET_NAME)";
				SWIFT_VERSION = 3.0;
			};
			name = Release;
		};
/* End XCBuildConfiguration section */

/* Begin XCConfigurationList section */
		C50ACD7B1E52E1AD00891B47 /* Build configuration list for PBXProject "MyTipCalculator" */ = {
			isa = XCConfigurationList;
			buildConfigurations = (
				C50ACD901E52E1AD00891B47 /* Debug */,
				C50ACD911E52E1AD00891B47 /* Release */,
			);
			defaultConfigurationIsVisible = 0;
			defaultConfigurationName = Release;
		};
		C50ACD921E52E1AD00891B47 /* Build configuration list for PBXNativeTarget "MyTipCalculator" */ = {
			isa = XCConfigurationList;
			buildConfigurations = (
				C50ACD931E52E1AD00891B47 /* Debug */,
				C50ACD941E52E1AD00891B47 /* Release */,
			);
			defaultConfigurationIsVisible = 0;
		};
/* End XCConfigurationList section */
	};
	rootObject = C50ACD781E52E1AD00891B47 /* Project object */;
}
